// !$*UTF8*$!
{
	archiveVersion = 1;
	classes = {
	};
	objectVersion = 56;
	objects = {

/* Begin PBXBuildFile section */
		7AC408192BF3BD9B003DDE69 /* CompassChallengeApp.swift in Sources */ = {isa = PBXBuildFile; fileRef = 7AC408182BF3BD9B003DDE69 /* CompassChallengeApp.swift */; };
		7AC4081F2BF3BD9C003DDE69 /* Assets.xcassets in Resources */ = {isa = PBXBuildFile; fileRef = 7AC4081E2BF3BD9C003DDE69 /* Assets.xcassets */; };
		7AC408232BF3BD9C003DDE69 /* Preview Assets.xcassets in Resources */ = {isa = PBXBuildFile; fileRef = 7AC408222BF3BD9C003DDE69 /* Preview Assets.xcassets */; };
		7AC4082D2BF3BD9C003DDE69 /* CompassChallengeTests.swift in Sources */ = {isa = PBXBuildFile; fileRef = 7AC4082C2BF3BD9C003DDE69 /* CompassChallengeTests.swift */; };
		7AC408372BF3BD9C003DDE69 /* CompassChallengeUITests.swift in Sources */ = {isa = PBXBuildFile; fileRef = 7AC408362BF3BD9C003DDE69 /* CompassChallengeUITests.swift */; };
		7AC408392BF3BD9C003DDE69 /* CompassChallengeUITestsLaunchTests.swift in Sources */ = {isa = PBXBuildFile; fileRef = 7AC408382BF3BD9C003DDE69 /* CompassChallengeUITestsLaunchTests.swift */; };
		7AC408472BF3E3A6003DDE69 /* EmojiService.swift in Sources */ = {isa = PBXBuildFile; fileRef = 7AC408462BF3E3A6003DDE69 /* EmojiService.swift */; };
		7AC4084A2BF3E4BF003DDE69 /* Model.swift in Sources */ = {isa = PBXBuildFile; fileRef = 7AC408492BF3E4BF003DDE69 /* Model.swift */; };
		7AC4084D2BF3E8F9003DDE69 /* Emoji+SwiftData.swift in Sources */ = {isa = PBXBuildFile; fileRef = 7AC4084C2BF3E8F9003DDE69 /* Emoji+SwiftData.swift */; };
		7AC408502BF3EADA003DDE69 /* EmojiViewModel.swift in Sources */ = {isa = PBXBuildFile; fileRef = 7AC4084F2BF3EADA003DDE69 /* EmojiViewModel.swift */; };
		7AC408522BF3EAF7003DDE69 /* EmojiView.swift in Sources */ = {isa = PBXBuildFile; fileRef = 7AC408512BF3EAF7003DDE69 /* EmojiView.swift */; };
/* End PBXBuildFile section */

/* Begin PBXContainerItemProxy section */
		7AC408292BF3BD9C003DDE69 /* PBXContainerItemProxy */ = {
			isa = PBXContainerItemProxy;
			containerPortal = 7AC4080D2BF3BD9B003DDE69 /* Project object */;
			proxyType = 1;
			remoteGlobalIDString = 7AC408142BF3BD9B003DDE69;
			remoteInfo = CompassChallenge;
		};
		7AC408332BF3BD9C003DDE69 /* PBXContainerItemProxy */ = {
			isa = PBXContainerItemProxy;
			containerPortal = 7AC4080D2BF3BD9B003DDE69 /* Project object */;
			proxyType = 1;
			remoteGlobalIDString = 7AC408142BF3BD9B003DDE69;
			remoteInfo = CompassChallenge;
		};
/* End PBXContainerItemProxy section */

/* Begin PBXFileReference section */
		7AC408152BF3BD9B003DDE69 /* CompassChallenge.app */ = {isa = PBXFileReference; explicitFileType = wrapper.application; includeInIndex = 0; path = CompassChallenge.app; sourceTree = BUILT_PRODUCTS_DIR; };
		7AC408182BF3BD9B003DDE69 /* CompassChallengeApp.swift */ = {isa = PBXFileReference; lastKnownFileType = sourcecode.swift; path = CompassChallengeApp.swift; sourceTree = "<group>"; };
		7AC4081E2BF3BD9C003DDE69 /* Assets.xcassets */ = {isa = PBXFileReference; lastKnownFileType = folder.assetcatalog; path = Assets.xcassets; sourceTree = "<group>"; };
		7AC408202BF3BD9C003DDE69 /* CompassChallenge.entitlements */ = {isa = PBXFileReference; lastKnownFileType = text.plist.entitlements; path = CompassChallenge.entitlements; sourceTree = "<group>"; };
		7AC408222BF3BD9C003DDE69 /* Preview Assets.xcassets */ = {isa = PBXFileReference; lastKnownFileType = folder.assetcatalog; path = "Preview Assets.xcassets"; sourceTree = "<group>"; };
		7AC408282BF3BD9C003DDE69 /* CompassChallengeTests.xctest */ = {isa = PBXFileReference; explicitFileType = wrapper.cfbundle; includeInIndex = 0; path = CompassChallengeTests.xctest; sourceTree = BUILT_PRODUCTS_DIR; };
		7AC4082C2BF3BD9C003DDE69 /* CompassChallengeTests.swift */ = {isa = PBXFileReference; lastKnownFileType = sourcecode.swift; path = CompassChallengeTests.swift; sourceTree = "<group>"; };
		7AC408322BF3BD9C003DDE69 /* CompassChallengeUITests.xctest */ = {isa = PBXFileReference; explicitFileType = wrapper.cfbundle; includeInIndex = 0; path = CompassChallengeUITests.xctest; sourceTree = BUILT_PRODUCTS_DIR; };
		7AC408362BF3BD9C003DDE69 /* CompassChallengeUITests.swift */ = {isa = PBXFileReference; lastKnownFileType = sourcecode.swift; path = CompassChallengeUITests.swift; sourceTree = "<group>"; };
		7AC408382BF3BD9C003DDE69 /* CompassChallengeUITestsLaunchTests.swift */ = {isa = PBXFileReference; lastKnownFileType = sourcecode.swift; path = CompassChallengeUITestsLaunchTests.swift; sourceTree = "<group>"; };
		7AC408462BF3E3A6003DDE69 /* EmojiService.swift */ = {isa = PBXFileReference; lastKnownFileType = sourcecode.swift; path = EmojiService.swift; sourceTree = "<group>"; };
		7AC408492BF3E4BF003DDE69 /* Model.swift */ = {isa = PBXFileReference; lastKnownFileType = sourcecode.swift; path = Model.swift; sourceTree = "<group>"; };
		7AC4084C2BF3E8F9003DDE69 /* Emoji+SwiftData.swift */ = {isa = PBXFileReference; lastKnownFileType = sourcecode.swift; path = "Emoji+SwiftData.swift"; sourceTree = "<group>"; };
		7AC4084F2BF3EADA003DDE69 /* EmojiViewModel.swift */ = {isa = PBXFileReference; lastKnownFileType = sourcecode.swift; path = EmojiViewModel.swift; sourceTree = "<group>"; };
		7AC408512BF3EAF7003DDE69 /* EmojiView.swift */ = {isa = PBXFileReference; lastKnownFileType = sourcecode.swift; path = EmojiView.swift; sourceTree = "<group>"; };
/* End PBXFileReference section */

/* Begin PBXFrameworksBuildPhase section */
		7AC408122BF3BD9B003DDE69 /* Frameworks */ = {
			isa = PBXFrameworksBuildPhase;
			buildActionMask = 2147483647;
			files = (
			);
			runOnlyForDeploymentPostprocessing = 0;
		};
		7AC408252BF3BD9C003DDE69 /* Frameworks */ = {
			isa = PBXFrameworksBuildPhase;
			buildActionMask = 2147483647;
			files = (
			);
			runOnlyForDeploymentPostprocessing = 0;
		};
		7AC4082F2BF3BD9C003DDE69 /* Frameworks */ = {
			isa = PBXFrameworksBuildPhase;
			buildActionMask = 2147483647;
			files = (
			);
			runOnlyForDeploymentPostprocessing = 0;
		};
/* End PBXFrameworksBuildPhase section */

/* Begin PBXGroup section */
		7AC4080C2BF3BD9B003DDE69 = {
			isa = PBXGroup;
			children = (
				7AC408172BF3BD9B003DDE69 /* CompassChallenge */,
				7AC4082B2BF3BD9C003DDE69 /* CompassChallengeTests */,
				7AC408352BF3BD9C003DDE69 /* CompassChallengeUITests */,
				7AC408162BF3BD9B003DDE69 /* Products */,
			);
			sourceTree = "<group>";
		};
		7AC408162BF3BD9B003DDE69 /* Products */ = {
			isa = PBXGroup;
			children = (
				7AC408152BF3BD9B003DDE69 /* CompassChallenge.app */,
				7AC408282BF3BD9C003DDE69 /* CompassChallengeTests.xctest */,
				7AC408322BF3BD9C003DDE69 /* CompassChallengeUITests.xctest */,
			);
			name = Products;
			sourceTree = "<group>";
		};
		7AC408172BF3BD9B003DDE69 /* CompassChallenge */ = {
			isa = PBXGroup;
			children = (
				7AC4084E2BF3EAD5003DDE69 /* Views */,
				7AC4084B2BF3E8E0003DDE69 /* SwiftData */,
				7AC408482BF3E4BB003DDE69 /* Model */,
				7AC408452BF3E39D003DDE69 /* Service */,
				7AC408182BF3BD9B003DDE69 /* CompassChallengeApp.swift */,
				7AC4081E2BF3BD9C003DDE69 /* Assets.xcassets */,
				7AC408202BF3BD9C003DDE69 /* CompassChallenge.entitlements */,
				7AC408212BF3BD9C003DDE69 /* Preview Content */,
			);
			path = CompassChallenge;
			sourceTree = "<group>";
		};
		7AC408212BF3BD9C003DDE69 /* Preview Content */ = {
			isa = PBXGroup;
			children = (
				7AC408222BF3BD9C003DDE69 /* Preview Assets.xcassets */,
			);
			path = "Preview Content";
			sourceTree = "<group>";
		};
		7AC4082B2BF3BD9C003DDE69 /* CompassChallengeTests */ = {
			isa = PBXGroup;
			children = (
				7AC4082C2BF3BD9C003DDE69 /* CompassChallengeTests.swift */,
			);
			path = CompassChallengeTests;
			sourceTree = "<group>";
		};
		7AC408352BF3BD9C003DDE69 /* CompassChallengeUITests */ = {
			isa = PBXGroup;
			children = (
				7AC408362BF3BD9C003DDE69 /* CompassChallengeUITests.swift */,
				7AC408382BF3BD9C003DDE69 /* CompassChallengeUITestsLaunchTests.swift */,
			);
			path = CompassChallengeUITests;
			sourceTree = "<group>";
		};
		7AC408452BF3E39D003DDE69 /* Service */ = {
			isa = PBXGroup;
			children = (
				7AC408462BF3E3A6003DDE69 /* EmojiService.swift */,
			);
			path = Service;
			sourceTree = "<group>";
		};
		7AC408482BF3E4BB003DDE69 /* Model */ = {
			isa = PBXGroup;
			children = (
				7AC408492BF3E4BF003DDE69 /* Model.swift */,
			);
			path = Model;
			sourceTree = "<group>";
		};
		7AC4084B2BF3E8E0003DDE69 /* SwiftData */ = {
			isa = PBXGroup;
			children = (
				7AC4084C2BF3E8F9003DDE69 /* Emoji+SwiftData.swift */,
			);
			path = SwiftData;
			sourceTree = "<group>";
		};
		7AC4084E2BF3EAD5003DDE69 /* Views */ = {
			isa = PBXGroup;
			children = (
				7AC4084F2BF3EADA003DDE69 /* EmojiViewModel.swift */,
				7AC408512BF3EAF7003DDE69 /* EmojiView.swift */,
			);
			path = Views;
			sourceTree = "<group>";
		};
/* End PBXGroup section */

/* Begin PBXNativeTarget section */
		7AC408142BF3BD9B003DDE69 /* CompassChallenge */ = {
			isa = PBXNativeTarget;
			buildConfigurationList = 7AC4083C2BF3BD9C003DDE69 /* Build configuration list for PBXNativeTarget "CompassChallenge" */;
			buildPhases = (
				7AC408112BF3BD9B003DDE69 /* Sources */,
				7AC408122BF3BD9B003DDE69 /* Frameworks */,
				7AC408132BF3BD9B003DDE69 /* Resources */,
			);
			buildRules = (
			);
			dependencies = (
			);
			name = CompassChallenge;
			productName = CompassChallenge;
			productReference = 7AC408152BF3BD9B003DDE69 /* CompassChallenge.app */;
			productType = "com.apple.product-type.application";
		};
		7AC408272BF3BD9C003DDE69 /* CompassChallengeTests */ = {
			isa = PBXNativeTarget;
			buildConfigurationList = 7AC4083F2BF3BD9C003DDE69 /* Build configuration list for PBXNativeTarget "CompassChallengeTests" */;
			buildPhases = (
				7AC408242BF3BD9C003DDE69 /* Sources */,
				7AC408252BF3BD9C003DDE69 /* Frameworks */,
				7AC408262BF3BD9C003DDE69 /* Resources */,
			);
			buildRules = (
			);
			dependencies = (
				7AC4082A2BF3BD9C003DDE69 /* PBXTargetDependency */,
			);
			name = CompassChallengeTests;
			productName = CompassChallengeTests;
			productReference = 7AC408282BF3BD9C003DDE69 /* CompassChallengeTests.xctest */;
			productType = "com.apple.product-type.bundle.unit-test";
		};
		7AC408312BF3BD9C003DDE69 /* CompassChallengeUITests */ = {
			isa = PBXNativeTarget;
			buildConfigurationList = 7AC408422BF3BD9C003DDE69 /* Build configuration list for PBXNativeTarget "CompassChallengeUITests" */;
			buildPhases = (
				7AC4082E2BF3BD9C003DDE69 /* Sources */,
				7AC4082F2BF3BD9C003DDE69 /* Frameworks */,
				7AC408302BF3BD9C003DDE69 /* Resources */,
			);
			buildRules = (
			);
			dependencies = (
				7AC408342BF3BD9C003DDE69 /* PBXTargetDependency */,
			);
			name = CompassChallengeUITests;
			productName = CompassChallengeUITests;
			productReference = 7AC408322BF3BD9C003DDE69 /* CompassChallengeUITests.xctest */;
			productType = "com.apple.product-type.bundle.ui-testing";
		};
/* End PBXNativeTarget section */

/* Begin PBXProject section */
		7AC4080D2BF3BD9B003DDE69 /* Project object */ = {
			isa = PBXProject;
			attributes = {
				BuildIndependentTargetsInParallel = 1;
				LastSwiftUpdateCheck = 1520;
				LastUpgradeCheck = 1520;
				TargetAttributes = {
					7AC408142BF3BD9B003DDE69 = {
						CreatedOnToolsVersion = 15.2;
					};
					7AC408272BF3BD9C003DDE69 = {
						CreatedOnToolsVersion = 15.2;
						TestTargetID = 7AC408142BF3BD9B003DDE69;
					};
					7AC408312BF3BD9C003DDE69 = {
						CreatedOnToolsVersion = 15.2;
						TestTargetID = 7AC408142BF3BD9B003DDE69;
					};
				};
			};
			buildConfigurationList = 7AC408102BF3BD9B003DDE69 /* Build configuration list for PBXProject "CompassChallenge" */;
			compatibilityVersion = "Xcode 14.0";
			developmentRegion = en;
			hasScannedForEncodings = 0;
			knownRegions = (
				en,
				Base,
			);
			mainGroup = 7AC4080C2BF3BD9B003DDE69;
			productRefGroup = 7AC408162BF3BD9B003DDE69 /* Products */;
			projectDirPath = "";
			projectRoot = "";
			targets = (
				7AC408142BF3BD9B003DDE69 /* CompassChallenge */,
				7AC408272BF3BD9C003DDE69 /* CompassChallengeTests */,
				7AC408312BF3BD9C003DDE69 /* CompassChallengeUITests */,
			);
		};
/* End PBXProject section */

/* Begin PBXResourcesBuildPhase section */
		7AC408132BF3BD9B003DDE69 /* Resources */ = {
			isa = PBXResourcesBuildPhase;
			buildActionMask = 2147483647;
			files = (
				7AC408232BF3BD9C003DDE69 /* Preview Assets.xcassets in Resources */,
				7AC4081F2BF3BD9C003DDE69 /* Assets.xcassets in Resources */,
			);
			runOnlyForDeploymentPostprocessing = 0;
		};
		7AC408262BF3BD9C003DDE69 /* Resources */ = {
			isa = PBXResourcesBuildPhase;
			buildActionMask = 2147483647;
			files = (
			);
			runOnlyForDeploymentPostprocessing = 0;
		};
		7AC408302BF3BD9C003DDE69 /* Resources */ = {
			isa = PBXResourcesBuildPhase;
			buildActionMask = 2147483647;
			files = (
			);
			runOnlyForDeploymentPostprocessing = 0;
		};
/* End PBXResourcesBuildPhase section */

/* Begin PBXSourcesBuildPhase section */
		7AC408112BF3BD9B003DDE69 /* Sources */ = {
			isa = PBXSourcesBuildPhase;
			buildActionMask = 2147483647;
			files = (
				7AC4084A2BF3E4BF003DDE69 /* Model.swift in Sources */,
				7AC408522BF3EAF7003DDE69 /* EmojiView.swift in Sources */,
				7AC408502BF3EADA003DDE69 /* EmojiViewModel.swift in Sources */,
				7AC408472BF3E3A6003DDE69 /* EmojiService.swift in Sources */,
				7AC4084D2BF3E8F9003DDE69 /* Emoji+SwiftData.swift in Sources */,
				7AC408192BF3BD9B003DDE69 /* CompassChallengeApp.swift in Sources */,
			);
			runOnlyForDeploymentPostprocessing = 0;
		};
		7AC408242BF3BD9C003DDE69 /* Sources */ = {
			isa = PBXSourcesBuildPhase;
			buildActionMask = 2147483647;
			files = (
				7AC4082D2BF3BD9C003DDE69 /* CompassChallengeTests.swift in Sources */,
			);
			runOnlyForDeploymentPostprocessing = 0;
		};
		7AC4082E2BF3BD9C003DDE69 /* Sources */ = {
			isa = PBXSourcesBuildPhase;
			buildActionMask = 2147483647;
			files = (
				7AC408372BF3BD9C003DDE69 /* CompassChallengeUITests.swift in Sources */,
				7AC408392BF3BD9C003DDE69 /* CompassChallengeUITestsLaunchTests.swift in Sources */,
			);
			runOnlyForDeploymentPostprocessing = 0;
		};
/* End PBXSourcesBuildPhase section */

/* Begin PBXTargetDependency section */
		7AC4082A2BF3BD9C003DDE69 /* PBXTargetDependency */ = {
			isa = PBXTargetDependency;
			target = 7AC408142BF3BD9B003DDE69 /* CompassChallenge */;
			targetProxy = 7AC408292BF3BD9C003DDE69 /* PBXContainerItemProxy */;
		};
		7AC408342BF3BD9C003DDE69 /* PBXTargetDependency */ = {
			isa = PBXTargetDependency;
			target = 7AC408142BF3BD9B003DDE69 /* CompassChallenge */;
			targetProxy = 7AC408332BF3BD9C003DDE69 /* PBXContainerItemProxy */;
		};
/* End PBXTargetDependency section */

/* Begin XCBuildConfiguration section */
		7AC4083A2BF3BD9C003DDE69 /* Debug */ = {
			isa = XCBuildConfiguration;
			buildSettings = {
				ALWAYS_SEARCH_USER_PATHS = NO;
				ASSETCATALOG_COMPILER_GENERATE_SWIFT_ASSET_SYMBOL_EXTENSIONS = YES;
				CLANG_ANALYZER_NONNULL = YES;
				CLANG_ANALYZER_NUMBER_OBJECT_CONVERSION = YES_AGGRESSIVE;
				CLANG_CXX_LANGUAGE_STANDARD = "gnu++20";
				CLANG_ENABLE_MODULES = YES;
				CLANG_ENABLE_OBJC_ARC = YES;
				CLANG_ENABLE_OBJC_WEAK = YES;
				CLANG_WARN_BLOCK_CAPTURE_AUTORELEASING = YES;
				CLANG_WARN_BOOL_CONVERSION = YES;
				CLANG_WARN_COMMA = YES;
				CLANG_WARN_CONSTANT_CONVERSION = YES;
				CLANG_WARN_DEPRECATED_OBJC_IMPLEMENTATIONS = YES;
				CLANG_WARN_DIRECT_OBJC_ISA_USAGE = YES_ERROR;
				CLANG_WARN_DOCUMENTATION_COMMENTS = YES;
				CLANG_WARN_EMPTY_BODY = YES;
				CLANG_WARN_ENUM_CONVERSION = YES;
				CLANG_WARN_INFINITE_RECURSION = YES;
				CLANG_WARN_INT_CONVERSION = YES;
				CLANG_WARN_NON_LITERAL_NULL_CONVERSION = YES;
				CLANG_WARN_OBJC_IMPLICIT_RETAIN_SELF = YES;
				CLANG_WARN_OBJC_LITERAL_CONVERSION = YES;
				CLANG_WARN_OBJC_ROOT_CLASS = YES_ERROR;
				CLANG_WARN_QUOTED_INCLUDE_IN_FRAMEWORK_HEADER = YES;
				CLANG_WARN_RANGE_LOOP_ANALYSIS = YES;
				CLANG_WARN_STRICT_PROTOTYPES = YES;
				CLANG_WARN_SUSPICIOUS_MOVE = YES;
				CLANG_WARN_UNGUARDED_AVAILABILITY = YES_AGGRESSIVE;
				CLANG_WARN_UNREACHABLE_CODE = YES;
				CLANG_WARN__DUPLICATE_METHOD_MATCH = YES;
				COPY_PHASE_STRIP = NO;
				DEBUG_INFORMATION_FORMAT = dwarf;
				ENABLE_STRICT_OBJC_MSGSEND = YES;
				ENABLE_TESTABILITY = YES;
				ENABLE_USER_SCRIPT_SANDBOXING = YES;
				GCC_C_LANGUAGE_STANDARD = gnu17;
				GCC_DYNAMIC_NO_PIC = NO;
				GCC_NO_COMMON_BLOCKS = YES;
				GCC_OPTIMIZATION_LEVEL = 0;
				GCC_PREPROCESSOR_DEFINITIONS = (
					"DEBUG=1",
					"$(inherited)",
				);
				GCC_WARN_64_TO_32_BIT_CONVERSION = YES;
				GCC_WARN_ABOUT_RETURN_TYPE = YES_ERROR;
				GCC_WARN_UNDECLARED_SELECTOR = YES;
				GCC_WARN_UNINITIALIZED_AUTOS = YES_AGGRESSIVE;
				GCC_WARN_UNUSED_FUNCTION = YES;
				GCC_WARN_UNUSED_VARIABLE = YES;
				LOCALIZATION_PREFERS_STRING_CATALOGS = YES;
				MTL_ENABLE_DEBUG_INFO = INCLUDE_SOURCE;
				MTL_FAST_MATH = YES;
				ONLY_ACTIVE_ARCH = YES;
				SWIFT_ACTIVE_COMPILATION_CONDITIONS = "DEBUG $(inherited)";
				SWIFT_OPTIMIZATION_LEVEL = "-Onone";
			};
			name = Debug;
		};
		7AC4083B2BF3BD9C003DDE69 /* Release */ = {
			isa = XCBuildConfiguration;
			buildSettings = {
				ALWAYS_SEARCH_USER_PATHS = NO;
				ASSETCATALOG_COMPILER_GENERATE_SWIFT_ASSET_SYMBOL_EXTENSIONS = YES;
				CLANG_ANALYZER_NONNULL = YES;
				CLANG_ANALYZER_NUMBER_OBJECT_CONVERSION = YES_AGGRESSIVE;
				CLANG_CXX_LANGUAGE_STANDARD = "gnu++20";
				CLANG_ENABLE_MODULES = YES;
				CLANG_ENABLE_OBJC_ARC = YES;
				CLANG_ENABLE_OBJC_WEAK = YES;
				CLANG_WARN_BLOCK_CAPTURE_AUTORELEASING = YES;
				CLANG_WARN_BOOL_CONVERSION = YES;
				CLANG_WARN_COMMA = YES;
				CLANG_WARN_CONSTANT_CONVERSION = YES;
				CLANG_WARN_DEPRECATED_OBJC_IMPLEMENTATIONS = YES;
				CLANG_WARN_DIRECT_OBJC_ISA_USAGE = YES_ERROR;
				CLANG_WARN_DOCUMENTATION_COMMENTS = YES;
				CLANG_WARN_EMPTY_BODY = YES;
				CLANG_WARN_ENUM_CONVERSION = YES;
				CLANG_WARN_INFINITE_RECURSION = YES;
				CLANG_WARN_INT_CONVERSION = YES;
				CLANG_WARN_NON_LITERAL_NULL_CONVERSION = YES;
				CLANG_WARN_OBJC_IMPLICIT_RETAIN_SELF = YES;
				CLANG_WARN_OBJC_LITERAL_CONVERSION = YES;
				CLANG_WARN_OBJC_ROOT_CLASS = YES_ERROR;
				CLANG_WARN_QUOTED_INCLUDE_IN_FRAMEWORK_HEADER = YES;
				CLANG_WARN_RANGE_LOOP_ANALYSIS = YES;
				CLANG_WARN_STRICT_PROTOTYPES = YES;
				CLANG_WARN_SUSPICIOUS_MOVE = YES;
				CLANG_WARN_UNGUARDED_AVAILABILITY = YES_AGGRESSIVE;
				CLANG_WARN_UNREACHABLE_CODE = YES;
				CLANG_WARN__DUPLICATE_METHOD_MATCH = YES;
				COPY_PHASE_STRIP = NO;
				DEBUG_INFORMATION_FORMAT = "dwarf-with-dsym";
				ENABLE_NS_ASSERTIONS = NO;
				ENABLE_STRICT_OBJC_MSGSEND = YES;
				ENABLE_USER_SCRIPT_SANDBOXING = YES;
				GCC_C_LANGUAGE_STANDARD = gnu17;
				GCC_NO_COMMON_BLOCKS = YES;
				GCC_WARN_64_TO_32_BIT_CONVERSION = YES;
				GCC_WARN_ABOUT_RETURN_TYPE = YES_ERROR;
				GCC_WARN_UNDECLARED_SELECTOR = YES;
				GCC_WARN_UNINITIALIZED_AUTOS = YES_AGGRESSIVE;
				GCC_WARN_UNUSED_FUNCTION = YES;
				GCC_WARN_UNUSED_VARIABLE = YES;
				LOCALIZATION_PREFERS_STRING_CATALOGS = YES;
				MTL_ENABLE_DEBUG_INFO = NO;
				MTL_FAST_MATH = YES;
				SWIFT_COMPILATION_MODE = wholemodule;
			};
			name = Release;
		};
		7AC4083D2BF3BD9C003DDE69 /* Debug */ = {
			isa = XCBuildConfiguration;
			buildSettings = {
				ASSETCATALOG_COMPILER_APPICON_NAME = AppIcon;
				ASSETCATALOG_COMPILER_GLOBAL_ACCENT_COLOR_NAME = AccentColor;
				CODE_SIGN_ENTITLEMENTS = CompassChallenge/CompassChallenge.entitlements;
				CODE_SIGN_STYLE = Automatic;
				CURRENT_PROJECT_VERSION = 1;
				DEVELOPMENT_ASSET_PATHS = "\"CompassChallenge/Preview Content\"";
				ENABLE_PREVIEWS = YES;
				GENERATE_INFOPLIST_FILE = YES;
				"INFOPLIST_KEY_UIApplicationSceneManifest_Generation[sdk=iphoneos*]" = YES;
				"INFOPLIST_KEY_UIApplicationSceneManifest_Generation[sdk=iphonesimulator*]" = YES;
				"INFOPLIST_KEY_UIApplicationSupportsIndirectInputEvents[sdk=iphoneos*]" = YES;
				"INFOPLIST_KEY_UIApplicationSupportsIndirectInputEvents[sdk=iphonesimulator*]" = YES;
				"INFOPLIST_KEY_UILaunchScreen_Generation[sdk=iphoneos*]" = YES;
				"INFOPLIST_KEY_UILaunchScreen_Generation[sdk=iphonesimulator*]" = YES;
				"INFOPLIST_KEY_UIStatusBarStyle[sdk=iphoneos*]" = UIStatusBarStyleDefault;
				"INFOPLIST_KEY_UIStatusBarStyle[sdk=iphonesimulator*]" = UIStatusBarStyleDefault;
				INFOPLIST_KEY_UISupportedInterfaceOrientations_iPad = "UIInterfaceOrientationPortrait UIInterfaceOrientationPortraitUpsideDown UIInterfaceOrientationLandscapeLeft UIInterfaceOrientationLandscapeRight";
				INFOPLIST_KEY_UISupportedInterfaceOrientations_iPhone = "UIInterfaceOrientationPortrait UIInterfaceOrientationLandscapeLeft UIInterfaceOrientationLandscapeRight";
				IPHONEOS_DEPLOYMENT_TARGET = 17.2;
				LD_RUNPATH_SEARCH_PATHS = "@executable_path/Frameworks";
				"LD_RUNPATH_SEARCH_PATHS[sdk=macosx*]" = "@executable_path/../Frameworks";
				MACOSX_DEPLOYMENT_TARGET = 14.0;
				MARKETING_VERSION = 1.0;
				PRODUCT_BUNDLE_IDENTIFIER = Myself.CompassChallenge;
				PRODUCT_NAME = "$(TARGET_NAME)";
				SDKROOT = auto;
				SUPPORTED_PLATFORMS = "iphoneos iphonesimulator macosx";
				SWIFT_EMIT_LOC_STRINGS = YES;
				SWIFT_VERSION = 5.0;
				TARGETED_DEVICE_FAMILY = "1,2";
			};
			name = Debug;
		};
		7AC4083E2BF3BD9C003DDE69 /* Release */ = {
			isa = XCBuildConfiguration;
			buildSettings = {
				ASSETCATALOG_COMPILER_APPICON_NAME = AppIcon;
				ASSETCATALOG_COMPILER_GLOBAL_ACCENT_COLOR_NAME = AccentColor;
				CODE_SIGN_ENTITLEMENTS = CompassChallenge/CompassChallenge.entitlements;
				CODE_SIGN_STYLE = Automatic;
				CURRENT_PROJECT_VERSION = 1;
				DEVELOPMENT_ASSET_PATHS = "\"CompassChallenge/Preview Content\"";
				ENABLE_PREVIEWS = YES;
				GENERATE_INFOPLIST_FILE = YES;
				"INFOPLIST_KEY_UIApplicationSceneManifest_Generation[sdk=iphoneos*]" = YES;
				"INFOPLIST_KEY_UIApplicationSceneManifest_Generation[sdk=iphonesimulator*]" = YES;
				"INFOPLIST_KEY_UIApplicationSupportsIndirectInputEvents[sdk=iphoneos*]" = YES;
				"INFOPLIST_KEY_UIApplicationSupportsIndirectInputEvents[sdk=iphonesimulator*]" = YES;
				"INFOPLIST_KEY_UILaunchScreen_Generation[sdk=iphoneos*]" = YES;
				"INFOPLIST_KEY_UILaunchScreen_Generation[sdk=iphonesimulator*]" = YES;
				"INFOPLIST_KEY_UIStatusBarStyle[sdk=iphoneos*]" = UIStatusBarStyleDefault;
				"INFOPLIST_KEY_UIStatusBarStyle[sdk=iphonesimulator*]" = UIStatusBarStyleDefault;
				INFOPLIST_KEY_UISupportedInterfaceOrientations_iPad = "UIInterfaceOrientationPortrait UIInterfaceOrientationPortraitUpsideDown UIInterfaceOrientationLandscapeLeft UIInterfaceOrientationLandscapeRight";
				INFOPLIST_KEY_UISupportedInterfaceOrientations_iPhone = "UIInterfaceOrientationPortrait UIInterfaceOrientationLandscapeLeft UIInterfaceOrientationLandscapeRight";
				IPHONEOS_DEPLOYMENT_TARGET = 17.2;
				LD_RUNPATH_SEARCH_PATHS = "@executable_path/Frameworks";
				"LD_RUNPATH_SEARCH_PATHS[sdk=macosx*]" = "@executable_path/../Frameworks";
				MACOSX_DEPLOYMENT_TARGET = 14.0;
				MARKETING_VERSION = 1.0;
				PRODUCT_BUNDLE_IDENTIFIER = Myself.CompassChallenge;
				PRODUCT_NAME = "$(TARGET_NAME)";
				SDKROOT = auto;
				SUPPORTED_PLATFORMS = "iphoneos iphonesimulator macosx";
				SWIFT_EMIT_LOC_STRINGS = YES;
				SWIFT_VERSION = 5.0;
				TARGETED_DEVICE_FAMILY = "1,2";
			};
			name = Release;
		};
		7AC408402BF3BD9C003DDE69 /* Debug */ = {
			isa = XCBuildConfiguration;
			buildSettings = {
				ALWAYS_EMBED_SWIFT_STANDARD_LIBRARIES = YES;
				BUNDLE_LOADER = "$(TEST_HOST)";
				CODE_SIGN_STYLE = Automatic;
				CURRENT_PROJECT_VERSION = 1;
				GENERATE_INFOPLIST_FILE = YES;
				IPHONEOS_DEPLOYMENT_TARGET = 17.2;
				MACOSX_DEPLOYMENT_TARGET = 14.1;
				MARKETING_VERSION = 1.0;
				PRODUCT_BUNDLE_IDENTIFIER = Myself.CompassChallengeTests;
				PRODUCT_NAME = "$(TARGET_NAME)";
				SDKROOT = auto;
				SUPPORTED_PLATFORMS = "iphoneos iphonesimulator macosx";
				SWIFT_EMIT_LOC_STRINGS = NO;
				SWIFT_VERSION = 5.0;
				TARGETED_DEVICE_FAMILY = "1,2";
				TEST_HOST = "$(BUILT_PRODUCTS_DIR)/CompassChallenge.app/$(BUNDLE_EXECUTABLE_FOLDER_PATH)/CompassChallenge";
			};
			name = Debug;
		};
		7AC408412BF3BD9C003DDE69 /* Release */ = {
			isa = XCBuildConfiguration;
			buildSettings = {
				ALWAYS_EMBED_SWIFT_STANDARD_LIBRARIES = YES;
				BUNDLE_LOADER = "$(TEST_HOST)";
				CODE_SIGN_STYLE = Automatic;
				CURRENT_PROJECT_VERSION = 1;
				GENERATE_INFOPLIST_FILE = YES;
				IPHONEOS_DEPLOYMENT_TARGET = 17.2;
				MACOSX_DEPLOYMENT_TARGET = 14.1;
				MARKETING_VERSION = 1.0;
				PRODUCT_BUNDLE_IDENTIFIER = Myself.CompassChallengeTests;
				PRODUCT_NAME = "$(TARGET_NAME)";
				SDKROOT = auto;
				SUPPORTED_PLATFORMS = "iphoneos iphonesimulator macosx";
				SWIFT_EMIT_LOC_STRINGS = NO;
				SWIFT_VERSION = 5.0;
				TARGETED_DEVICE_FAMILY = "1,2";
				TEST_HOST = "$(BUILT_PRODUCTS_DIR)/CompassChallenge.app/$(BUNDLE_EXECUTABLE_FOLDER_PATH)/CompassChallenge";
			};
			name = Release;
		};
		7AC408432BF3BD9C003DDE69 /* Debug */ = {
			isa = XCBuildConfiguration;
			buildSettings = {
				ALWAYS_EMBED_SWIFT_STANDARD_LIBRARIES = YES;
				CODE_SIGN_STYLE = Automatic;
				CURRENT_PROJECT_VERSION = 1;
				GENERATE_INFOPLIST_FILE = YES;
				IPHONEOS_DEPLOYMENT_TARGET = 17.2;
				MACOSX_DEPLOYMENT_TARGET = 14.1;
				MARKETING_VERSION = 1.0;
				PRODUCT_BUNDLE_IDENTIFIER = Myself.CompassChallengeUITests;
				PRODUCT_NAME = "$(TARGET_NAME)";
				SDKROOT = auto;
				SUPPORTED_PLATFORMS = "iphoneos iphonesimulator macosx";
				SWIFT_EMIT_LOC_STRINGS = NO;
				SWIFT_VERSION = 5.0;
				TARGETED_DEVICE_FAMILY = "1,2";
				TEST_TARGET_NAME = CompassChallenge;
			};
			name = Debug;
		};
		7AC408442BF3BD9C003DDE69 /* Release */ = {
			isa = XCBuildConfiguration;
			buildSettings = {
				ALWAYS_EMBED_SWIFT_STANDARD_LIBRARIES = YES;
				CODE_SIGN_STYLE = Automatic;
				CURRENT_PROJECT_VERSION = 1;
				GENERATE_INFOPLIST_FILE = YES;
				IPHONEOS_DEPLOYMENT_TARGET = 17.2;
				MACOSX_DEPLOYMENT_TARGET = 14.1;
				MARKETING_VERSION = 1.0;
				PRODUCT_BUNDLE_IDENTIFIER = Myself.CompassChallengeUITests;
				PRODUCT_NAME = "$(TARGET_NAME)";
				SDKROOT = auto;
				SUPPORTED_PLATFORMS = "iphoneos iphonesimulator macosx";
				SWIFT_EMIT_LOC_STRINGS = NO;
				SWIFT_VERSION = 5.0;
				TARGETED_DEVICE_FAMILY = "1,2";
				TEST_TARGET_NAME = CompassChallenge;
			};
			name = Release;
		};
/* End XCBuildConfiguration section */

/* Begin XCConfigurationList section */
		7AC408102BF3BD9B003DDE69 /* Build configuration list for PBXProject "CompassChallenge" */ = {
			isa = XCConfigurationList;
			buildConfigurations = (
				7AC4083A2BF3BD9C003DDE69 /* Debug */,
				7AC4083B2BF3BD9C003DDE69 /* Release */,
			);
			defaultConfigurationIsVisible = 0;
			defaultConfigurationName = Release;
		};
		7AC4083C2BF3BD9C003DDE69 /* Build configuration list for PBXNativeTarget "CompassChallenge" */ = {
			isa = XCConfigurationList;
			buildConfigurations = (
				7AC4083D2BF3BD9C003DDE69 /* Debug */,
				7AC4083E2BF3BD9C003DDE69 /* Release */,
			);
			defaultConfigurationIsVisible = 0;
			defaultConfigurationName = Release;
		};
		7AC4083F2BF3BD9C003DDE69 /* Build configuration list for PBXNativeTarget "CompassChallengeTests" */ = {
			isa = XCConfigurationList;
			buildConfigurations = (
				7AC408402BF3BD9C003DDE69 /* Debug */,
				7AC408412BF3BD9C003DDE69 /* Release */,
			);
			defaultConfigurationIsVisible = 0;
			defaultConfigurationName = Release;
		};
		7AC408422BF3BD9C003DDE69 /* Build configuration list for PBXNativeTarget "CompassChallengeUITests" */ = {
			isa = XCConfigurationList;
			buildConfigurations = (
				7AC408432BF3BD9C003DDE69 /* Debug */,
				7AC408442BF3BD9C003DDE69 /* Release */,
			);
			defaultConfigurationIsVisible = 0;
			defaultConfigurationName = Release;
		};
/* End XCConfigurationList section */
	};
	rootObject = 7AC4080D2BF3BD9B003DDE69 /* Project object */;
}
